
Microsoft Visual Studio Solution File, Format Version 12.00
# Visual Studio 14
VisualStudioVersion = 14.0.23107.0
MinimumVisualStudioVersion = 10.0.40219.1
Project("{FAE04EC0-301F-11D3-BF4B-00C04F79EFBC}") = "MvcAutofac", "MvcAutofac\MvcAutofac.csproj", "{BDDE7B55-1497-44B2-9389-9EB5813A5574}"
EndProject
Project("{FAE04EC0-301F-11D3-BF4B-00C04F79EFBC}") = "MvcAutofac.Tests", "MvcAutofac.Tests\MvcAutofac.Tests.csproj", "{DE1C1D7B-051D-4DD3-A878-46B6CC6121E5}"
EndProject
Global
	GlobalSection(SolutionConfigurationPlatforms) = preSolution
		Debug|Any CPU = Debug|Any CPU
		Release|Any CPU = Release|Any CPU
	EndGlobalSection
	GlobalSection(ProjectConfigurationPlatforms) = postSolution
		{BDDE7B55-1497-44B2-9389-9EB5813A5574}.Debug|Any CPU.ActiveCfg = Debug|Any CPU
		{BDDE7B55-1497-44B2-9389-9EB5813A5574}.Debug|Any CPU.Build.0 = Debug|Any CPU
		{BDDE7B55-1497-44B2-9389-9EB5813A5574}.Release|Any CPU.ActiveCfg = Release|Any CPU
		{BDDE7B55-1497-44B2-9389-9EB5813A5574}.Release|Any CPU.Build.0 = Release|Any CPU
		{DE1C1D7B-051D-4DD3-A878-46B6CC6121E5}.Debug|Any CPU.ActiveCfg = Debug|Any CPU
		{DE1C1D7B-051D-4DD3-A878-46B6CC6121E5}.Debug|Any CPU.Build.0 = Debug|Any CPU
		{DE1C1D7B-051D-4DD3-A878-46B6CC6121E5}.Release|Any CPU.ActiveCfg = Release|Any CPU
		{DE1C1D7B-051D-4DD3-A878-46B6CC6121E5}.Release|Any CPU.Build.0 = Release|Any CPU
	EndGlobalSection
	GlobalSection(SolutionProperties) = preSolution
		HideSolutionNode = FALSE
	EndGlobalSection
EndGlobal
